// !$*UTF8*$!
{
	archiveVersion = 1;
	classes = {
	};
	objectVersion = 46;
	objects = {

/* Begin PBXBuildFile section */
		1400417A1EB0F16F009E5A3E /* AppDelegate.swift in Sources */ = {isa = PBXBuildFile; fileRef = 140041791EB0F16F009E5A3E /* AppDelegate.swift */; };
		6305F4001EBE2C5D0060703C /* Assets.xcassets in Resources */ = {isa = PBXBuildFile; fileRef = 6305F3FA1EBE2C5D0060703C /* Assets.xcassets */; };
		6305F4011EBE2C5D0060703C /* QLTC_Model.xcdatamodel in Sources */ = {isa = PBXBuildFile; fileRef = 6305F3FD1EBE2C5D0060703C /* QLTC_Model.xcdatamodel */; };
		6305F4031EBE2D260060703C /* Main.storyboard in Resources */ = {isa = PBXBuildFile; fileRef = 6305F4021EBE2D260060703C /* Main.storyboard */; };
/* End PBXBuildFile section */

/* Begin PBXFileReference section */
		140041761EB0F16F009E5A3E /* QuanLyThuChi.app */ = {isa = PBXFileReference; explicitFileType = wrapper.application; includeInIndex = 0; path = QuanLyThuChi.app; sourceTree = BUILT_PRODUCTS_DIR; };
		140041791EB0F16F009E5A3E /* AppDelegate.swift */ = {isa = PBXFileReference; lastKnownFileType = sourcecode.swift; path = AppDelegate.swift; sourceTree = "<group>"; };
		140041881EB0F16F009E5A3E /* Info.plist */ = {isa = PBXFileReference; lastKnownFileType = text.plist.xml; path = Info.plist; sourceTree = "<group>"; };
		6305F3FA1EBE2C5D0060703C /* Assets.xcassets */ = {isa = PBXFileReference; lastKnownFileType = folder.assetcatalog; path = Assets.xcassets; sourceTree = "<group>"; };
		6305F3FD1EBE2C5D0060703C /* QLTC_Model.xcdatamodel */ = {isa = PBXFileReference; lastKnownFileType = wrapper.xcdatamodel; path = QLTC_Model.xcdatamodel; sourceTree = "<group>"; };
		6305F4021EBE2D260060703C /* Main.storyboard */ = {isa = PBXFileReference; fileEncoding = 4; lastKnownFileType = file.storyboard; path = Main.storyboard; sourceTree = "<group>"; };
/* End PBXFileReference section */

/* Begin PBXFrameworksBuildPhase section */
		140041731EB0F16E009E5A3E /* Frameworks */ = {
			isa = PBXFrameworksBuildPhase;
			buildActionMask = 2147483647;
			files = (
			);
			runOnlyForDeploymentPostprocessing = 0;
		};
/* End PBXFrameworksBuildPhase section */

/* Begin PBXGroup section */
		1400416D1EB0F16E009E5A3E = {
			isa = PBXGroup;
			children = (
				140041781EB0F16F009E5A3E /* QuanLyThuChi */,
				140041771EB0F16F009E5A3E /* Products */,
			);
			sourceTree = "<group>";
		};
		140041771EB0F16F009E5A3E /* Products */ = {
			isa = PBXGroup;
			children = (
				140041761EB0F16F009E5A3E /* QuanLyThuChi.app */,
			);
			name = Products;
			sourceTree = "<group>";
		};
		140041781EB0F16F009E5A3E /* QuanLyThuChi */ = {
			isa = PBXGroup;
			children = (
				6305F3FF1EBE2C5D0060703C /* View */,
				6305F3FB1EBE2C5D0060703C /* Handler */,
				6305F3FC1EBE2C5D0060703C /* Model */,
				6305F3FE1EBE2C5D0060703C /* Resource */,
				140041921EB0F26B009E5A3E /* Helpers */,
				6305F3FA1EBE2C5D0060703C /* Assets.xcassets */,
				140041791EB0F16F009E5A3E /* AppDelegate.swift */,
				140041881EB0F16F009E5A3E /* Info.plist */,
			);
			path = QuanLyThuChi;
			sourceTree = "<group>";
		};
		140041921EB0F26B009E5A3E /* Helpers */ = {
			isa = PBXGroup;
			children = (
			);
			path = Helpers;
			sourceTree = "<group>";
		};
		6305F3FB1EBE2C5D0060703C /* Handler */ = {
			isa = PBXGroup;
			children = (
			);
			path = Handler;
			sourceTree = "<group>";
		};
		6305F3FC1EBE2C5D0060703C /* Model */ = {
			isa = PBXGroup;
			children = (
				6305F3FD1EBE2C5D0060703C /* QLTC_Model.xcdatamodel */,
			);
			path = Model;
			sourceTree = "<group>";
		};
		6305F3FE1EBE2C5D0060703C /* Resource */ = {
			isa = PBXGroup;
			children = (
			);
			path = Resource;
			sourceTree = "<group>";
		};
		6305F3FF1EBE2C5D0060703C /* View */ = {
			isa = PBXGroup;
			children = (
				6305F4021EBE2D260060703C /* Main.storyboard */,
			);
			path = View;
			sourceTree = "<group>";
		};
/* End PBXGroup section */

/* Begin PBXNativeTarget section */
		140041751EB0F16E009E5A3E /* QuanLyThuChi */ = {
			isa = PBXNativeTarget;
			buildConfigurationList = 1400418B1EB0F16F009E5A3E /* Build configuration list for PBXNativeTarget "QuanLyThuChi" */;
			buildPhases = (
				140041721EB0F16E009E5A3E /* Sources */,
				140041731EB0F16E009E5A3E /* Frameworks */,
				140041741EB0F16E009E5A3E /* Resources */,
			);
			buildRules = (
			);
			dependencies = (
			);
			name = QuanLyThuChi;
			productName = QuanLyThuChi;
			productReference = 140041761EB0F16F009E5A3E /* QuanLyThuChi.app */;
			productType = "com.apple.product-type.application";
		};
/* End PBXNativeTarget section */

/* Begin PBXProject section */
		1400416E1EB0F16E009E5A3E /* Project object */ = {
			isa = PBXProject;
			attributes = {
				LastSwiftUpdateCheck = 0830;
				LastUpgradeCheck = 0830;
				ORGANIZATIONNAME = TPT.Group;
				TargetAttributes = {
					140041751EB0F16E009E5A3E = {
						CreatedOnToolsVersion = 8.3.1;
						ProvisioningStyle = Automatic;
					};
				};
			};
			buildConfigurationList = 140041711EB0F16E009E5A3E /* Build configuration list for PBXProject "QuanLyThuChi" */;
			compatibilityVersion = "Xcode 3.2";
			developmentRegion = English;
			hasScannedForEncodings = 0;
			knownRegions = (
				en,
				Base,
			);
			mainGroup = 1400416D1EB0F16E009E5A3E;
			productRefGroup = 140041771EB0F16F009E5A3E /* Products */;
			projectDirPath = "";
			projectRoot = "";
			targets = (
				140041751EB0F16E009E5A3E /* QuanLyThuChi */,
			);
		};
/* End PBXProject section */

/* Begin PBXResourcesBuildPhase section */
		140041741EB0F16E009E5A3E /* Resources */ = {
			isa = PBXResourcesBuildPhase;
			buildActionMask = 2147483647;
			files = (
				6305F4001EBE2C5D0060703C /* Assets.xcassets in Resources */,
				6305F4031EBE2D260060703C /* Main.storyboard in Resources */,
			);
			runOnlyForDeploymentPostprocessing = 0;
		};
/* End PBXResourcesBuildPhase section */

/* Begin PBXSourcesBuildPhase section */
		140041721EB0F16E009E5A3E /* Sources */ = {
			isa = PBXSourcesBuildPhase;
			buildActionMask = 2147483647;
			files = (
				6305F4011EBE2C5D0060703C /* QLTC_Model.xcdatamodel in Sources */,
				1400417A1EB0F16F009E5A3E /* AppDelegate.swift in Sources */,
			);
			runOnlyForDeploymentPostprocessing = 0;
		};
/* End PBXSourcesBuildPhase section */

/* Begin XCBuildConfiguration section */
		140041891EB0F16F009E5A3E /* Debug */ = {
			isa = XCBuildConfiguration;
			buildSettings = {
				ALWAYS_SEARCH_USER_PATHS = NO;
				CLANG_ANALYZER_NONNULL = YES;
				CLANG_ANALYZER_NUMBER_OBJECT_CONVERSION = YES_AGGRESSIVE;
				CLANG_CXX_LANGUAGE_STANDARD = "gnu++0x";
				CLANG_CXX_LIBRARY = "libc++";
				CLANG_ENABLE_MODULES = YES;
				CLANG_ENABLE_OBJC_ARC = YES;
				CLANG_WARN_BOOL_CONVERSION = YES;
				CLANG_WARN_CONSTANT_CONVERSION = YES;
				CLANG_WARN_DIRECT_OBJC_ISA_USAGE = YES_ERROR;
				CLANG_WARN_DOCUMENTATION_COMMENTS = YES;
				CLANG_WARN_EMPTY_BODY = YES;
				CLANG_WARN_ENUM_CONVERSION = YES;
				CLANG_WARN_INFINITE_RECURSION = YES;
				CLANG_WARN_INT_CONVERSION = YES;
				CLANG_WARN_OBJC_ROOT_CLASS = YES_ERROR;
				CLANG_WARN_SUSPICIOUS_MOVE = YES;
				CLANG_WARN_UNREACHABLE_CODE = YES;
				CLANG_WARN__DUPLICATE_METHOD_MATCH = YES;
				"CODE_SIGN_IDENTITY[sdk=iphoneos*]" = "iPhone Developer";
				COPY_PHASE_STRIP = NO;
				DEBUG_INFORMATION_FORMAT = dwarf;
				ENABLE_STRICT_OBJC_MSGSEND = YES;
				ENABLE_TESTABILITY = YES;
				GCC_C_LANGUAGE_STANDARD = gnu99;
				GCC_DYNAMIC_NO_PIC = NO;
				GCC_NO_COMMON_BLOCKS = YES;
				GCC_OPTIMIZATION_LEVEL = 0;
				GCC_PREPROCESSOR_DEFINITIONS = (
					"DEBUG=1",
					"$(inherited)",
				);
				GCC_WARN_64_TO_32_BIT_CONVERSION = YES;
				GCC_WARN_ABOUT_RETURN_TYPE = YES_ERROR;
				GCC_WARN_UNDECLARED_SELECTOR = YES;
				GCC_WARN_UNINITIALIZED_AUTOS = YES_AGGRESSIVE;
				GCC_WARN_UNUSED_FUNCTION = YES;
				GCC_WARN_UNUSED_VARIABLE = YES;
				IPHONEOS_DEPLOYMENT_TARGET = 10.3;
				MTL_ENABLE_DEBUG_INFO = YES;
				ONLY_ACTIVE_ARCH = YES;
				SDKROOT = iphoneos;
				SWIFT_ACTIVE_COMPILATION_CONDITIONS = DEBUG;
				SWIFT_OPTIMIZATION_LEVEL = "-Onone";
				TARGETED_DEVICE_FAMILY = "1,2";
			};
			name = Debug;
		};
		1400418A1EB0F16F009E5A3E /* Release */ = {
			isa = XCBuildConfiguration;
			buildSettings = {
				ALWAYS_SEARCH_USER_PATHS = NO;
				CLANG_ANALYZER_NONNULL = YES;
				CLANG_ANALYZER_NUMBER_OBJECT_CONVERSION = YES_AGGRESSIVE;
				CLANG_CXX_LANGUAGE_STANDARD = "gnu++0x";
				CLANG_CXX_LIBRARY = "libc++";
				CLANG_ENABLE_MODULES = YES;
				CLANG_ENABLE_OBJC_ARC = YES;
				CLANG_WARN_BOOL_CONVERSION = YES;
				CLANG_WARN_CONSTANT_CONVERSION = YES;
				CLANG_WARN_DIRECT_OBJC_ISA_USAGE = YES_ERROR;
				CLANG_WARN_DOCUMENTATION_COMMENTS = YES;
				CLANG_WARN_EMPTY_BODY = YES;
				CLANG_WARN_ENUM_CONVERSION = YES;
				CLANG_WARN_INFINITE_RECURSION = YES;
				CLANG_WARN_INT_CONVERSION = YES;
				CLANG_WARN_OBJC_ROOT_CLASS = YES_ERROR;
				CLANG_WARN_SUSPICIOUS_MOVE = YES;
				CLANG_WARN_UNREACHABLE_CODE = YES;
				CLANG_WARN__DUPLICATE_METHOD_MATCH = YES;
				"CODE_SIGN_IDENTITY[sdk=iphoneos*]" = "iPhone Developer";
				COPY_PHASE_STRIP = NO;
				DEBUG_INFORMATION_FORMAT = "dwarf-with-dsym";
				ENABLE_NS_ASSERTIONS = NO;
				ENABLE_STRICT_OBJC_MSGSEND = YES;
				GCC_C_LANGUAGE_STANDARD = gnu99;
				GCC_NO_COMMON_BLOCKS = YES;
				GCC_WARN_64_TO_32_BIT_CONVERSION = YES;
				GCC_WARN_ABOUT_RETURN_TYPE = YES_ERROR;
				GCC_WARN_UNDECLARED_SELECTOR = YES;
				GCC_WARN_UNINITIALIZED_AUTOS = YES_AGGRESSIVE;
				GCC_WARN_UNUSED_FUNCTION = YES;
				GCC_WARN_UNUSED_VARIABLE = YES;
				IPHONEOS_DEPLOYMENT_TARGET = 10.3;
				MTL_ENABLE_DEBUG_INFO = NO;
				SDKROOT = iphoneos;
				SWIFT_OPTIMIZATION_LEVEL = "-Owholemodule";
				TARGETED_DEVICE_FAMILY = "1,2";
				VALIDATE_PRODUCT = YES;
			};
			name = Release;
		};
		1400418C1EB0F16F009E5A3E /* Debug */ = {
			isa = XCBuildConfiguration;
			buildSettings = {
				ASSETCATALOG_COMPILER_APPICON_NAME = AppIcon;
				INFOPLIST_FILE = QuanLyThuChi/Info.plist;
				IPHONEOS_DEPLOYMENT_TARGET = 10.2;
				LD_RUNPATH_SEARCH_PATHS = "$(inherited) @executable_path/Frameworks";
				PRODUCT_BUNDLE_IDENTIFIER = "-TPT.Group.QuanLyThuChi";
				PRODUCT_NAME = "$(TARGET_NAME)";
				SWIFT_VERSION = 3.0;
			};
			name = Debug;
		};
		1400418D1EB0F16F009E5A3E /* Release */ = {
			isa = XCBuildConfiguration;
			buildSettings = {
				ASSETCATALOG_COMPILER_APPICON_NAME = AppIcon;
				INFOPLIST_FILE = QuanLyThuChi/Info.plist;
				IPHONEOS_DEPLOYMENT_TARGET = 10.2;
				LD_RUNPATH_SEARCH_PATHS = "$(inherited) @executable_path/Frameworks";
				PRODUCT_BUNDLE_IDENTIFIER = "-TPT.Group.QuanLyThuChi";
				PRODUCT_NAME = "$(TARGET_NAME)";
				SWIFT_VERSION = 3.0;
			};
			name = Release;
		};
/* End XCBuildConfiguration section */

/* Begin XCConfigurationList section */
		140041711EB0F16E009E5A3E /* Build configuration list for PBXProject "QuanLyThuChi" */ = {
			isa = XCConfigurationList;
			buildConfigurations = (
				140041891EB0F16F009E5A3E /* Debug */,
				1400418A1EB0F16F009E5A3E /* Release */,
			);
			defaultConfigurationIsVisible = 0;
			defaultConfigurationName = Release;
		};
		1400418B1EB0F16F009E5A3E /* Build configuration list for PBXNativeTarget "QuanLyThuChi" */ = {
			isa = XCConfigurationList;
			buildConfigurations = (
				1400418C1EB0F16F009E5A3E /* Debug */,
				1400418D1EB0F16F009E5A3E /* Release */,
			);
			defaultConfigurationIsVisible = 0;
			defaultConfigurationName = Release;
		};
/* End XCConfigurationList section */
	};
	rootObject = 1400416E1EB0F16E009E5A3E /* Project object */;
}
